// !$*UTF8*$!
{
	archiveVersion = 1;
	classes = {
	};
	objectVersion = 46;
	objects = {

/* Begin PBXBuildFile section */
		4A2E9E55C931C13326CC6435 /* Pods_Instagram.framework in Frameworks */ = {isa = PBXBuildFile; fileRef = BDF369DD0EC1FD952E328083 /* Pods_Instagram.framework */; };
		54BA12BC1F77557000BEFF20 /* GoogleService-Info.plist in Resources */ = {isa = PBXBuildFile; fileRef = 54BA12BB1F77557000BEFF20 /* GoogleService-Info.plist */; };
		54EDFCE81F7156100055DA00 /* AppDelegate.swift in Sources */ = {isa = PBXBuildFile; fileRef = 54EDFCE71F7156100055DA00 /* AppDelegate.swift */; };
		54EDFCEA1F7156100055DA00 /* ViewController.swift in Sources */ = {isa = PBXBuildFile; fileRef = 54EDFCE91F7156100055DA00 /* ViewController.swift */; };
		54EDFCED1F7156100055DA00 /* Main.storyboard in Resources */ = {isa = PBXBuildFile; fileRef = 54EDFCEB1F7156100055DA00 /* Main.storyboard */; };
		54EDFCEF1F7156100055DA00 /* Assets.xcassets in Resources */ = {isa = PBXBuildFile; fileRef = 54EDFCEE1F7156100055DA00 /* Assets.xcassets */; };
		54EDFCF21F7156100055DA00 /* LaunchScreen.storyboard in Resources */ = {isa = PBXBuildFile; fileRef = 54EDFCF01F7156100055DA00 /* LaunchScreen.storyboard */; };
		54EDFCFA1F766D430055DA00 /* LoginViewController.swift in Sources */ = {isa = PBXBuildFile; fileRef = 54EDFCF91F766D430055DA00 /* LoginViewController.swift */; };
		54EDFCFC1F766D640055DA00 /* HomeViewController.swift in Sources */ = {isa = PBXBuildFile; fileRef = 54EDFCFB1F766D640055DA00 /* HomeViewController.swift */; };
		54EDFCFE1F766D780055DA00 /* ImageSelectViewController.swift in Sources */ = {isa = PBXBuildFile; fileRef = 54EDFCFD1F766D780055DA00 /* ImageSelectViewController.swift */; };
		54EDFD001F766D8B0055DA00 /* PostViewController.swift in Sources */ = {isa = PBXBuildFile; fileRef = 54EDFCFF1F766D8B0055DA00 /* PostViewController.swift */; };
		54EDFD021F766D9E0055DA00 /* SettingViewController.swift in Sources */ = {isa = PBXBuildFile; fileRef = 54EDFD011F766D9E0055DA00 /* SettingViewController.swift */; };
/* End PBXBuildFile section */

/* Begin PBXFileReference section */
		23EB53B773F83F96EDF991B9 /* Pods-Instagram.release.xcconfig */ = {isa = PBXFileReference; includeInIndex = 1; lastKnownFileType = text.xcconfig; name = "Pods-Instagram.release.xcconfig"; path = "Pods/Target Support Files/Pods-Instagram/Pods-Instagram.release.xcconfig"; sourceTree = "<group>"; };
		54BA12BB1F77557000BEFF20 /* GoogleService-Info.plist */ = {isa = PBXFileReference; fileEncoding = 4; lastKnownFileType = text.plist.xml; path = "GoogleService-Info.plist"; sourceTree = "<group>"; };
		54EDFCE41F7156100055DA00 /* Instagram.app */ = {isa = PBXFileReference; explicitFileType = wrapper.application; includeInIndex = 0; path = Instagram.app; sourceTree = BUILT_PRODUCTS_DIR; };
		54EDFCE71F7156100055DA00 /* AppDelegate.swift */ = {isa = PBXFileReference; lastKnownFileType = sourcecode.swift; path = AppDelegate.swift; sourceTree = "<group>"; };
		54EDFCE91F7156100055DA00 /* ViewController.swift */ = {isa = PBXFileReference; lastKnownFileType = sourcecode.swift; path = ViewController.swift; sourceTree = "<group>"; };
		54EDFCEC1F7156100055DA00 /* Base */ = {isa = PBXFileReference; lastKnownFileType = file.storyboard; name = Base; path = Base.lproj/Main.storyboard; sourceTree = "<group>"; };
		54EDFCEE1F7156100055DA00 /* Assets.xcassets */ = {isa = PBXFileReference; lastKnownFileType = folder.assetcatalog; path = Assets.xcassets; sourceTree = "<group>"; };
		54EDFCF11F7156100055DA00 /* Base */ = {isa = PBXFileReference; lastKnownFileType = file.storyboard; name = Base; path = Base.lproj/LaunchScreen.storyboard; sourceTree = "<group>"; };
		54EDFCF31F7156100055DA00 /* Info.plist */ = {isa = PBXFileReference; lastKnownFileType = text.plist.xml; path = Info.plist; sourceTree = "<group>"; };
		54EDFCF91F766D430055DA00 /* LoginViewController.swift */ = {isa = PBXFileReference; fileEncoding = 4; lastKnownFileType = sourcecode.swift; path = LoginViewController.swift; sourceTree = "<group>"; };
		54EDFCFB1F766D640055DA00 /* HomeViewController.swift */ = {isa = PBXFileReference; fileEncoding = 4; lastKnownFileType = sourcecode.swift; path = HomeViewController.swift; sourceTree = "<group>"; };
		54EDFCFD1F766D780055DA00 /* ImageSelectViewController.swift */ = {isa = PBXFileReference; fileEncoding = 4; lastKnownFileType = sourcecode.swift; path = ImageSelectViewController.swift; sourceTree = "<group>"; };
		54EDFCFF1F766D8B0055DA00 /* PostViewController.swift */ = {isa = PBXFileReference; fileEncoding = 4; lastKnownFileType = sourcecode.swift; path = PostViewController.swift; sourceTree = "<group>"; };
		54EDFD011F766D9E0055DA00 /* SettingViewController.swift */ = {isa = PBXFileReference; fileEncoding = 4; lastKnownFileType = sourcecode.swift; path = SettingViewController.swift; sourceTree = "<group>"; };
		593BDC3C326D6AA998FBFD12 /* Pods-Instagram.debug.xcconfig */ = {isa = PBXFileReference; includeInIndex = 1; lastKnownFileType = text.xcconfig; name = "Pods-Instagram.debug.xcconfig"; path = "Pods/Target Support Files/Pods-Instagram/Pods-Instagram.debug.xcconfig"; sourceTree = "<group>"; };
		BDF369DD0EC1FD952E328083 /* Pods_Instagram.framework */ = {isa = PBXFileReference; explicitFileType = wrapper.framework; includeInIndex = 0; path = Pods_Instagram.framework; sourceTree = BUILT_PRODUCTS_DIR; };
/* End PBXFileReference section */

/* Begin PBXFrameworksBuildPhase section */
		54EDFCE11F7156100055DA00 /* Frameworks */ = {
			isa = PBXFrameworksBuildPhase;
			buildActionMask = 2147483647;
			files = (
				4A2E9E55C931C13326CC6435 /* Pods_Instagram.framework in Frameworks */,
			);
			runOnlyForDeploymentPostprocessing = 0;
		};
/* End PBXFrameworksBuildPhase section */

/* Begin PBXGroup section */
		54EDFCDB1F7156100055DA00 = {
			isa = PBXGroup;
			children = (
				54EDFCE61F7156100055DA00 /* Instagram */,
				54EDFCE51F7156100055DA00 /* Products */,
				DADA4C4F5DB1CFA5993A1F0A /* Pods */,
				7272292F57E73466F3E7CC6F /* Frameworks */,
			);
			sourceTree = "<group>";
		};
		54EDFCE51F7156100055DA00 /* Products */ = {
			isa = PBXGroup;
			children = (
				54EDFCE41F7156100055DA00 /* Instagram.app */,
			);
			name = Products;
			sourceTree = "<group>";
		};
		54EDFCE61F7156100055DA00 /* Instagram */ = {
			isa = PBXGroup;
			children = (
				54EDFCE71F7156100055DA00 /* AppDelegate.swift */,
				54EDFCE91F7156100055DA00 /* ViewController.swift */,
				54EDFCEB1F7156100055DA00 /* Main.storyboard */,
				54EDFCEE1F7156100055DA00 /* Assets.xcassets */,
				54EDFCF91F766D430055DA00 /* LoginViewController.swift */,
				54EDFCFB1F766D640055DA00 /* HomeViewController.swift */,
				54EDFCFD1F766D780055DA00 /* ImageSelectViewController.swift */,
				54EDFCFF1F766D8B0055DA00 /* PostViewController.swift */,
				54EDFD011F766D9E0055DA00 /* SettingViewController.swift */,
				54EDFCF01F7156100055DA00 /* LaunchScreen.storyboard */,
				54EDFCF31F7156100055DA00 /* Info.plist */,
				54BA12BB1F77557000BEFF20 /* GoogleService-Info.plist */,
			);
			path = Instagram;
			sourceTree = "<group>";
		};
		7272292F57E73466F3E7CC6F /* Frameworks */ = {
			isa = PBXGroup;
			children = (
				BDF369DD0EC1FD952E328083 /* Pods_Instagram.framework */,
			);
			name = Frameworks;
			sourceTree = "<group>";
		};
		DADA4C4F5DB1CFA5993A1F0A /* Pods */ = {
			isa = PBXGroup;
			children = (
				593BDC3C326D6AA998FBFD12 /* Pods-Instagram.debug.xcconfig */,
				23EB53B773F83F96EDF991B9 /* Pods-Instagram.release.xcconfig */,
			);
			name = Pods;
			sourceTree = "<group>";
		};
/* End PBXGroup section */

/* Begin PBXNativeTarget section */
		54EDFCE31F7156100055DA00 /* Instagram */ = {
			isa = PBXNativeTarget;
			buildConfigurationList = 54EDFCF61F7156100055DA00 /* Build configuration list for PBXNativeTarget "Instagram" */;
			buildPhases = (
				A4E40DA02A7E90CA89B95B0D /* [CP] Check Pods Manifest.lock */,
				54EDFCE01F7156100055DA00 /* Sources */,
				54EDFCE11F7156100055DA00 /* Frameworks */,
				54EDFCE21F7156100055DA00 /* Resources */,
				8524CC6A9C67C65753AEF7F1 /* [CP] Embed Pods Frameworks */,
				B8A2F98589641031B8F5CC59 /* [CP] Copy Pods Resources */,
			);
			buildRules = (
			);
			dependencies = (
			);
			name = Instagram;
			productName = Instagram;
			productReference = 54EDFCE41F7156100055DA00 /* Instagram.app */;
			productType = "com.apple.product-type.application";
		};
/* End PBXNativeTarget section */

/* Begin PBXProject section */
		54EDFCDC1F7156100055DA00 /* Project object */ = {
			isa = PBXProject;
			attributes = {
				LastSwiftUpdateCheck = 0830;
				LastUpgradeCheck = 0830;
				ORGANIZATIONNAME = yuki.tanaka;
				TargetAttributes = {
					54EDFCE31F7156100055DA00 = {
						CreatedOnToolsVersion = 8.3.3;
						DevelopmentTeam = J56SUVV4RW;
						ProvisioningStyle = Automatic;
					};
				};
			};
			buildConfigurationList = 54EDFCDF1F7156100055DA00 /* Build configuration list for PBXProject "Instagram" */;
			compatibilityVersion = "Xcode 3.2";
			developmentRegion = English;
			hasScannedForEncodings = 0;
			knownRegions = (
				en,
				Base,
			);
			mainGroup = 54EDFCDB1F7156100055DA00;
			productRefGroup = 54EDFCE51F7156100055DA00 /* Products */;
			projectDirPath = "";
			projectRoot = "";
			targets = (
				54EDFCE31F7156100055DA00 /* Instagram */,
			);
		};
/* End PBXProject section */

/* Begin PBXResourcesBuildPhase section */
		54EDFCE21F7156100055DA00 /* Resources */ = {
			isa = PBXResourcesBuildPhase;
			buildActionMask = 2147483647;
			files = (
				54EDFCF21F7156100055DA00 /* LaunchScreen.storyboard in Resources */,
				54BA12BC1F77557000BEFF20 /* GoogleService-Info.plist in Resources */,
				54EDFCEF1F7156100055DA00 /* Assets.xcassets in Resources */,
				54EDFCED1F7156100055DA00 /* Main.storyboard in Resources */,
			);
			runOnlyForDeploymentPostprocessing = 0;
		};
/* End PBXResourcesBuildPhase section */

/* Begin PBXShellScriptBuildPhase section */
		8524CC6A9C67C65753AEF7F1 /* [CP] Embed Pods Frameworks */ = {
			isa = PBXShellScriptBuildPhase;
			buildActionMask = 2147483647;
			files = (
			);
			inputPaths = (
				"${SRCROOT}/Pods/Target Support Files/Pods-Instagram/Pods-Instagram-frameworks.sh",
				"${BUILT_PRODUCTS_DIR}/ESTabBarController/ESTabBarController.framework",
				"${BUILT_PRODUCTS_DIR}/GTMSessionFetcher/GTMSessionFetcher.framework",
				"${BUILT_PRODUCTS_DIR}/GoogleToolboxForMac/GoogleToolboxForMac.framework",
				"${BUILT_PRODUCTS_DIR}/SVProgressHUD/SVProgressHUD.framework",
				"${BUILT_PRODUCTS_DIR}/leveldb-library/leveldb.framework",
				"${BUILT_PRODUCTS_DIR}/nanopb/nanopb.framework",
			);
			name = "[CP] Embed Pods Frameworks";
			outputPaths = (
				"${TARGET_BUILD_DIR}/${FRAMEWORKS_FOLDER_PATH}/ESTabBarController.framework",
				"${TARGET_BUILD_DIR}/${FRAMEWORKS_FOLDER_PATH}/GTMSessionFetcher.framework",
				"${TARGET_BUILD_DIR}/${FRAMEWORKS_FOLDER_PATH}/GoogleToolboxForMac.framework",
				"${TARGET_BUILD_DIR}/${FRAMEWORKS_FOLDER_PATH}/SVProgressHUD.framework",
				"${TARGET_BUILD_DIR}/${FRAMEWORKS_FOLDER_PATH}/leveldb.framework",
				"${TARGET_BUILD_DIR}/${FRAMEWORKS_FOLDER_PATH}/nanopb.framework",
			);
			runOnlyForDeploymentPostprocessing = 0;
			shellPath = /bin/sh;
			shellScript = "\"${SRCROOT}/Pods/Target Support Files/Pods-Instagram/Pods-Instagram-frameworks.sh\"\n";
			showEnvVarsInLog = 0;
		};
		A4E40DA02A7E90CA89B95B0D /* [CP] Check Pods Manifest.lock */ = {
			isa = PBXShellScriptBuildPhase;
			buildActionMask = 2147483647;
			files = (
			);
			inputPaths = (
				"${PODS_PODFILE_DIR_PATH}/Podfile.lock",
				"${PODS_ROOT}/Manifest.lock",
			);
			name = "[CP] Check Pods Manifest.lock";
			outputPaths = (
				"$(DERIVED_FILE_DIR)/Pods-Instagram-checkManifestLockResult.txt",
			);
			runOnlyForDeploymentPostprocessing = 0;
			shellPath = /bin/sh;
			shellScript = "diff \"${PODS_PODFILE_DIR_PATH}/Podfile.lock\" \"${PODS_ROOT}/Manifest.lock\" > /dev/null\nif [ $? != 0 ] ; then\n    # print error to STDERR\n    echo \"error: The sandbox is not in sync with the Podfile.lock. Run 'pod install' or update your CocoaPods installation.\" >&2\n    exit 1\nfi\n# This output is used by Xcode 'outputs' to avoid re-running this script phase.\necho \"SUCCESS\" > \"${SCRIPT_OUTPUT_FILE_0}\"\n";
			showEnvVarsInLog = 0;
		};
		B8A2F98589641031B8F5CC59 /* [CP] Copy Pods Resources */ = {
			isa = PBXShellScriptBuildPhase;
			buildActionMask = 2147483647;
			files = (
			);
			inputPaths = (
			);
			name = "[CP] Copy Pods Resources";
			outputPaths = (
			);
			runOnlyForDeploymentPostprocessing = 0;
			shellPath = /bin/sh;
			shellScript = "\"${SRCROOT}/Pods/Target Support Files/Pods-Instagram/Pods-Instagram-resources.sh\"\n";
			showEnvVarsInLog = 0;
		};
/* End PBXShellScriptBuildPhase section */

/* Begin PBXSourcesBuildPhase section */
		54EDFCE01F7156100055DA00 /* Sources */ = {
			isa = PBXSourcesBuildPhase;
			buildActionMask = 2147483647;
			files = (
				54EDFD001F766D8B0055DA00 /* PostViewController.swift in Sources */,
				54EDFCFA1F766D430055DA00 /* LoginViewController.swift in Sources */,
				54EDFCEA1F7156100055DA00 /* ViewController.swift in Sources */,
				54EDFCE81F7156100055DA00 /* AppDelegate.swift in Sources */,
				54EDFCFE1F766D780055DA00 /* ImageSelectViewController.swift in Sources */,
				54EDFD021F766D9E0055DA00 /* SettingViewController.swift in Sources */,
				54EDFCFC1F766D640055DA00 /* HomeViewController.swift in Sources */,
			);
			runOnlyForDeploymentPostprocessing = 0;
		};
/* End PBXSourcesBuildPhase section */

/* Begin PBXVariantGroup section */
		54EDFCEB1F7156100055DA00 /* Main.storyboard */ = {
			isa = PBXVariantGroup;
			children = (
				54EDFCEC1F7156100055DA00 /* Base */,
			);
			name = Main.storyboard;
			sourceTree = "<group>";
		};
		54EDFCF01F7156100055DA00 /* LaunchScreen.storyboard */ = {
			isa = PBXVariantGroup;
			children = (
				54EDFCF11F7156100055DA00 /* Base */,
			);
			name = LaunchScreen.storyboard;
			sourceTree = "<group>";
		};
/* End PBXVariantGroup section */

/* Begin XCBuildConfiguration section */
		54EDFCF41F7156100055DA00 /* Debug */ = {
			isa = XCBuildConfiguration;
			buildSettings = {
				ALWAYS_SEARCH_USER_PATHS = NO;
				CLANG_ANALYZER_NONNULL = YES;
				CLANG_ANALYZER_NUMBER_OBJECT_CONVERSION = YES_AGGRESSIVE;
				CLANG_CXX_LANGUAGE_STANDARD = "gnu++0x";
				CLANG_CXX_LIBRARY = "libc++";
				CLANG_ENABLE_MODULES = YES;
				CLANG_ENABLE_OBJC_ARC = YES;
				CLANG_WARN_BOOL_CONVERSION = YES;
				CLANG_WARN_CONSTANT_CONVERSION = YES;
				CLANG_WARN_DIRECT_OBJC_ISA_USAGE = YES_ERROR;
				CLANG_WARN_DOCUMENTATION_COMMENTS = YES;
				CLANG_WARN_EMPTY_BODY = YES;
				CLANG_WARN_ENUM_CONVERSION = YES;
				CLANG_WARN_INFINITE_RECURSION = YES;
				CLANG_WARN_INT_CONVERSION = YES;
				CLANG_WARN_OBJC_ROOT_CLASS = YES_ERROR;
				CLANG_WARN_SUSPICIOUS_MOVE = YES;
				CLANG_WARN_UNREACHABLE_CODE = YES;
				CLANG_WARN__DUPLICATE_METHOD_MATCH = YES;
				"CODE_SIGN_IDENTITY[sdk=iphoneos*]" = "iPhone Developer";
				COPY_PHASE_STRIP = NO;
				DEBUG_INFORMATION_FORMAT = dwarf;
				ENABLE_STRICT_OBJC_MSGSEND = YES;
				ENABLE_TESTABILITY = YES;
				GCC_C_LANGUAGE_STANDARD = gnu99;
				GCC_DYNAMIC_NO_PIC = NO;
				GCC_NO_COMMON_BLOCKS = YES;
				GCC_OPTIMIZATION_LEVEL = 0;
				GCC_PREPROCESSOR_DEFINITIONS = (
					"DEBUG=1",
					"$(inherited)",
				);
				GCC_WARN_64_TO_32_BIT_CONVERSION = YES;
				GCC_WARN_ABOUT_RETURN_TYPE = YES_ERROR;
				GCC_WARN_UNDECLARED_SELECTOR = YES;
				GCC_WARN_UNINITIALIZED_AUTOS = YES_AGGRESSIVE;
				GCC_WARN_UNUSED_FUNCTION = YES;
				GCC_WARN_UNUSED_VARIABLE = YES;
				IPHONEOS_DEPLOYMENT_TARGET = 10.3;
				MTL_ENABLE_DEBUG_INFO = YES;
				ONLY_ACTIVE_ARCH = YES;
				SDKROOT = iphoneos;
				SWIFT_ACTIVE_COMPILATION_CONDITIONS = DEBUG;
				SWIFT_OPTIMIZATION_LEVEL = "-Onone";
			};
			name = Debug;
		};
		54EDFCF51F7156100055DA00 /* Release */ = {
			isa = XCBuildConfiguration;
			buildSettings = {
				ALWAYS_SEARCH_USER_PATHS = NO;
				CLANG_ANALYZER_NONNULL = YES;
				CLANG_ANALYZER_NUMBER_OBJECT_CONVERSION = YES_AGGRESSIVE;
				CLANG_CXX_LANGUAGE_STANDARD = "gnu++0x";
				CLANG_CXX_LIBRARY = "libc++";
				CLANG_ENABLE_MODULES = YES;
				CLANG_ENABLE_OBJC_ARC = YES;
				CLANG_WARN_BOOL_CONVERSION = YES;
				CLANG_WARN_CONSTANT_CONVERSION = YES;
				CLANG_WARN_DIRECT_OBJC_ISA_USAGE = YES_ERROR;
				CLANG_WARN_DOCUMENTATION_COMMENTS = YES;
				CLANG_WARN_EMPTY_BODY = YES;
				CLANG_WARN_ENUM_CONVERSION = YES;
				CLANG_WARN_INFINITE_RECURSION = YES;
				CLANG_WARN_INT_CONVERSION = YES;
				CLANG_WARN_OBJC_ROOT_CLASS = YES_ERROR;
				CLANG_WARN_SUSPICIOUS_MOVE = YES;
				CLANG_WARN_UNREACHABLE_CODE = YES;
				CLANG_WARN__DUPLICATE_METHOD_MATCH = YES;
				"CODE_SIGN_IDENTITY[sdk=iphoneos*]" = "iPhone Developer";
				COPY_PHASE_STRIP = NO;
				DEBUG_INFORMATION_FORMAT = "dwarf-with-dsym";
				ENABLE_NS_ASSERTIONS = NO;
				ENABLE_STRICT_OBJC_MSGSEND = YES;
				GCC_C_LANGUAGE_STANDARD = gnu99;
				GCC_NO_COMMON_BLOCKS = YES;
				GCC_WARN_64_TO_32_BIT_CONVERSION = YES;
				GCC_WARN_ABOUT_RETURN_TYPE = YES_ERROR;
				GCC_WARN_UNDECLARED_SELECTOR = YES;
				GCC_WARN_UNINITIALIZED_AUTOS = YES_AGGRESSIVE;
				GCC_WARN_UNUSED_FUNCTION = YES;
				GCC_WARN_UNUSED_VARIABLE = YES;
				IPHONEOS_DEPLOYMENT_TARGET = 10.3;
				MTL_ENABLE_DEBUG_INFO = NO;
				SDKROOT = iphoneos;
				SWIFT_OPTIMIZATION_LEVEL = "-Owholemodule";
				VALIDATE_PRODUCT = YES;
			};
			name = Release;
		};
		54EDFCF71F7156100055DA00 /* Debug */ = {
			isa = XCBuildConfiguration;
			baseConfigurationReference = 593BDC3C326D6AA998FBFD12 /* Pods-Instagram.debug.xcconfig */;
			buildSettings = {
				ASSETCATALOG_COMPILER_APPICON_NAME = AppIcon;
				DEVELOPMENT_TEAM = J56SUVV4RW;
				INFOPLIST_FILE = Instagram/Info.plist;
				LD_RUNPATH_SEARCH_PATHS = "$(inherited) @executable_path/Frameworks";
				PRODUCT_BUNDLE_IDENTIFIER = jp.techacademy.yuki.tanaka.Instagram;
				PRODUCT_NAME = "$(TARGET_NAME)";
				SWIFT_VERSION = 3.0;
			};
			name = Debug;
		};
		54EDFCF81F7156100055DA00 /* Release */ = {
			isa = XCBuildConfiguration;
			baseConfigurationReference = 23EB53B773F83F96EDF991B9 /* Pods-Instagram.release.xcconfig */;
			buildSettings = {
				ASSETCATALOG_COMPILER_APPICON_NAME = AppIcon;
				DEVELOPMENT_TEAM = J56SUVV4RW;
				INFOPLIST_FILE = Instagram/Info.plist;
				LD_RUNPATH_SEARCH_PATHS = "$(inherited) @executable_path/Frameworks";
				PRODUCT_BUNDLE_IDENTIFIER = jp.techacademy.yuki.tanaka.Instagram;
				PRODUCT_NAME = "$(TARGET_NAME)";
				SWIFT_VERSION = 3.0;
			};
			name = Release;
		};
/* End XCBuildConfiguration section */

/* Begin XCConfigurationList section */
		54EDFCDF1F7156100055DA00 /* Build configuration list for PBXProject "Instagram" */ = {
			isa = XCConfigurationList;
			buildConfigurations = (
				54EDFCF41F7156100055DA00 /* Debug */,
				54EDFCF51F7156100055DA00 /* Release */,
			);
			defaultConfigurationIsVisible = 0;
			defaultConfigurationName = Release;
		};
		54EDFCF61F7156100055DA00 /* Build configuration list for PBXNativeTarget "Instagram" */ = {
			isa = XCConfigurationList;
			buildConfigurations = (
				54EDFCF71F7156100055DA00 /* Debug */,
				54EDFCF81F7156100055DA00 /* Release */,
			);
			defaultConfigurationIsVisible = 0;
			defaultConfigurationName = Release;
		};
/* End XCConfigurationList section */
	};
	rootObject = 54EDFCDC1F7156100055DA00 /* Project object */;
}
